
Microsoft Visual Studio Solution File, Format Version 12.00
# Visual Studio Version 17
VisualStudioVersion = 17.2.32616.157
MinimumVisualStudioVersion = 10.0.40219.1
Project("{9A19103F-16F7-4668-BE54-9A1E7A4F7556}") = "OrdersService", "OrdersService\OrdersService.csproj", "{EA5BE6A5-B30A-4CE5-BDD1-6F1C14C16E9A}"
EndProject
Project("{2150E333-8FDC-42A3-9474-1A3956D46DE8}") = "Protos", "Protos", "{E1ECCCAD-3818-4192-8CBE-EE2E063EA994}"
EndProject
Global
	GlobalSection(SolutionConfigurationPlatforms) = preSolution
		Debug|Any CPU = Debug|Any CPU
		Release|Any CPU = Release|Any CPU
	EndGlobalSection
	GlobalSection(ProjectConfigurationPlatforms) = postSolution
		{EA5BE6A5-B30A-4CE5-BDD1-6F1C14C16E9A}.Debug|Any CPU.ActiveCfg = Debug|Any CPU
		{EA5BE6A5-B30A-4CE5-BDD1-6F1C14C16E9A}.Debug|Any CPU.Build.0 = Debug|Any CPU
		{EA5BE6A5-B30A-4CE5-BDD1-6F1C14C16E9A}.Release|Any CPU.ActiveCfg = Release|Any CPU
		{EA5BE6A5-B30A-4CE5-BDD1-6F1C14C16E9A}.Release|Any CPU.Build.0 = Release|Any CPU
	EndGlobalSection
	GlobalSection(SolutionProperties) = preSolution
		HideSolutionNode = FALSE
	EndGlobalSection
	GlobalSection(ExtensibilityGlobals) = postSolution
		SolutionGuid = {FCA9BF1D-B6AE-47FE-863F-2330241743F5}
	EndGlobalSection
EndGlobal
