
Microsoft Visual Studio Solution File, Format Version 12.00
# Visual Studio Version 17
VisualStudioVersion = 17.3.32804.467
MinimumVisualStudioVersion = 10.0.40219.1
Project("{FAE04EC0-301F-11D3-BF4B-00C04F79EFBC}") = "UserBalanceMicroservice", "UserBalanceMicroservice\UserBalanceMicroservice.csproj", "{EC6F49B6-EFDB-472E-9321-020CBE8516C0}"
EndProject
Global
	GlobalSection(SolutionConfigurationPlatforms) = preSolution
		Debug|Any CPU = Debug|Any CPU
		Release|Any CPU = Release|Any CPU
	EndGlobalSection
	GlobalSection(ProjectConfigurationPlatforms) = postSolution
		{EC6F49B6-EFDB-472E-9321-020CBE8516C0}.Debug|Any CPU.ActiveCfg = Debug|Any CPU
		{EC6F49B6-EFDB-472E-9321-020CBE8516C0}.Debug|Any CPU.Build.0 = Debug|Any CPU
		{EC6F49B6-EFDB-472E-9321-020CBE8516C0}.Release|Any CPU.ActiveCfg = Release|Any CPU
		{EC6F49B6-EFDB-472E-9321-020CBE8516C0}.Release|Any CPU.Build.0 = Release|Any CPU
	EndGlobalSection
	GlobalSection(SolutionProperties) = preSolution
		HideSolutionNode = FALSE
	EndGlobalSection
	GlobalSection(ExtensibilityGlobals) = postSolution
		SolutionGuid = {761943AF-36C7-45B2-AEEA-D7B92ABB92E2}
	EndGlobalSection
EndGlobal
