
Microsoft Visual Studio Solution File, Format Version 12.00
# Visual Studio Version 17
VisualStudioVersion = 17.2.32602.215
MinimumVisualStudioVersion = 10.0.40219.1
Project("{9A19103F-16F7-4668-BE54-9A1E7A4F7556}") = "ProductService", "ProductService.csproj", "{8E4CF97C-4F22-462C-BEC5-988E989EA1F9}"
EndProject
Global
	GlobalSection(SolutionConfigurationPlatforms) = preSolution
		Debug|Any CPU = Debug|Any CPU
		Release|Any CPU = Release|Any CPU
	EndGlobalSection
	GlobalSection(ProjectConfigurationPlatforms) = postSolution
		{8E4CF97C-4F22-462C-BEC5-988E989EA1F9}.Debug|Any CPU.ActiveCfg = Debug|Any CPU
		{8E4CF97C-4F22-462C-BEC5-988E989EA1F9}.Debug|Any CPU.Build.0 = Debug|Any CPU
		{8E4CF97C-4F22-462C-BEC5-988E989EA1F9}.Release|Any CPU.ActiveCfg = Release|Any CPU
		{8E4CF97C-4F22-462C-BEC5-988E989EA1F9}.Release|Any CPU.Build.0 = Release|Any CPU
	EndGlobalSection
	GlobalSection(SolutionProperties) = preSolution
		HideSolutionNode = FALSE
	EndGlobalSection
	GlobalSection(ExtensibilityGlobals) = postSolution
		SolutionGuid = {701CA2E2-7C06-407C-86D4-484758FC7FBC}
	EndGlobalSection
EndGlobal
